
Microsoft Visual Studio Solution File, Format Version 12.00
# Visual Studio 14
VisualStudioVersion = 14.0.25123.0
MinimumVisualStudioVersion = 10.0.40219.1
Project("{FAE04EC0-301F-11D3-BF4B-00C04F79EFBC}") = "Messenger", "Messenger\Messenger.csproj", "{24C1843A-39E5-4D4E-A3C5-BDC557F1E4C8}"
EndProject
Project("{FAE04EC0-301F-11D3-BF4B-00C04F79EFBC}") = "UnitTestMessenger", "UnitTestMessenger\UnitTestMessenger.csproj", "{C515FABA-2F9E-41EB-B942-6A262CA7F507}"
EndProject
Global
	GlobalSection(SolutionConfigurationPlatforms) = preSolution
		Debug|Any CPU = Debug|Any CPU
		Release|Any CPU = Release|Any CPU
	EndGlobalSection
	GlobalSection(ProjectConfigurationPlatforms) = postSolution
		{24C1843A-39E5-4D4E-A3C5-BDC557F1E4C8}.Debug|Any CPU.ActiveCfg = Debug|Any CPU
		{24C1843A-39E5-4D4E-A3C5-BDC557F1E4C8}.Debug|Any CPU.Build.0 = Debug|Any CPU
		{24C1843A-39E5-4D4E-A3C5-BDC557F1E4C8}.Release|Any CPU.ActiveCfg = Release|Any CPU
		{24C1843A-39E5-4D4E-A3C5-BDC557F1E4C8}.Release|Any CPU.Build.0 = Release|Any CPU
		{C515FABA-2F9E-41EB-B942-6A262CA7F507}.Debug|Any CPU.ActiveCfg = Debug|Any CPU
		{C515FABA-2F9E-41EB-B942-6A262CA7F507}.Debug|Any CPU.Build.0 = Debug|Any CPU
		{C515FABA-2F9E-41EB-B942-6A262CA7F507}.Release|Any CPU.ActiveCfg = Release|Any CPU
		{C515FABA-2F9E-41EB-B942-6A262CA7F507}.Release|Any CPU.Build.0 = Release|Any CPU
	EndGlobalSection
	GlobalSection(SolutionProperties) = preSolution
		HideSolutionNode = FALSE
	EndGlobalSection
EndGlobal
